
Microsoft Visual Studio Solution File, Format Version 12.00
# Visual Studio Version 16
VisualStudioVersion = 16.0.31112.23
MinimumVisualStudioVersion = 10.0.40219.1
Project("{FAE04EC0-301F-11D3-BF4B-00C04F79EFBC}") = "Lesson10_EF-Workflow", "Lesson10_EF-Workflow\Lesson10_EF-Workflow.csproj", "{6FECD8AA-14B6-4360-8B2A-BB7D631C679C}"
EndProject
Global
	GlobalSection(SolutionConfigurationPlatforms) = preSolution
		Debug|Any CPU = Debug|Any CPU
		Release|Any CPU = Release|Any CPU
	EndGlobalSection
	GlobalSection(ProjectConfigurationPlatforms) = postSolution
		{6FECD8AA-14B6-4360-8B2A-BB7D631C679C}.Debug|Any CPU.ActiveCfg = Debug|Any CPU
		{6FECD8AA-14B6-4360-8B2A-BB7D631C679C}.Debug|Any CPU.Build.0 = Debug|Any CPU
		{6FECD8AA-14B6-4360-8B2A-BB7D631C679C}.Release|Any CPU.ActiveCfg = Release|Any CPU
		{6FECD8AA-14B6-4360-8B2A-BB7D631C679C}.Release|Any CPU.Build.0 = Release|Any CPU
	EndGlobalSection
	GlobalSection(SolutionProperties) = preSolution
		HideSolutionNode = FALSE
	EndGlobalSection
	GlobalSection(ExtensibilityGlobals) = postSolution
		SolutionGuid = {3BC0255A-F2E1-4113-AB63-B78306846B6C}
	EndGlobalSection
EndGlobal
